{
  "name": "validation",
  "version": "1.0.0",
  "lockfileVersion": 1,
  "requires": true,
  "dependencies": {
    "@uniswap/token-lists": {
      "version": "1.0.0-beta.15",
      "resolved": "https://registry.npmjs.org/@uniswap/token-lists/-/token-lists-1.0.0-beta.15.tgz",
      "integrity": "sha512-cxubml6fPCjPPr8tWnA3IQkYbTocsZTJWac2C5WRXoHiSd7O4xjuBISdGLT9dW7IojKYpMXnCPJS8kAwqqYXDQ=="
    }
  }
}
